
Microsoft Visual Studio Solution File, Format Version 12.00
# Visual Studio 15
VisualStudioVersion = 15.0.28307.136
MinimumVisualStudioVersion = 10.0.40219.1
Project("{9A19103F-16F7-4668-BE54-9A1E7A4F7556}") = "Fibonacci", "Fibonacci\Fibonacci.csproj", "{A67ECE50-4239-4707-87A6-1DCAB4DC6C21}"
EndProject
Project("{9A19103F-16F7-4668-BE54-9A1E7A4F7556}") = "SinglyLinkedListReverse", "SinglyLinkedListReverse\SinglyLinkedListReverse.csproj", "{DEF77818-173E-40F3-88E3-448075610532}"
EndProject
Project("{9A19103F-16F7-4668-BE54-9A1E7A4F7556}") = "PingPong2Threads", "PingPong2Threads\PingPong2Threads.csproj", "{19EC7F51-75A5-468A-97CF-C895CE4C4C7A}"
EndProject
Project("{9A19103F-16F7-4668-BE54-9A1E7A4F7556}") = "Sorting", "Sorting\Sorting.csproj", "{C366E99A-0E04-4F59-9B39-4C40963768D5}"
EndProject
Project("{9A19103F-16F7-4668-BE54-9A1E7A4F7556}") = "Shared", "Shared\Shared.csproj", "{5FEE36CF-BBA7-402A-B281-0CEA71145811}"
EndProject
Project("{2150E333-8FDC-42A3-9474-1A3956D46DE8}") = "SortingAlgs", "SortingAlgs", "{561FB640-5F5D-4B4D-B358-837DBB1B1308}"
EndProject
Project("{FAE04EC0-301F-11D3-BF4B-00C04F79EFBC}") = "Sorting.Test", "Sorting.Test\Sorting.Test.csproj", "{6F963491-0276-40DA-B9EE-2B8A331F596B}"
EndProject
Global
	GlobalSection(SolutionConfigurationPlatforms) = preSolution
		Debug|Any CPU = Debug|Any CPU
		Release|Any CPU = Release|Any CPU
	EndGlobalSection
	GlobalSection(ProjectConfigurationPlatforms) = postSolution
		{A67ECE50-4239-4707-87A6-1DCAB4DC6C21}.Debug|Any CPU.ActiveCfg = Debug|Any CPU
		{A67ECE50-4239-4707-87A6-1DCAB4DC6C21}.Debug|Any CPU.Build.0 = Debug|Any CPU
		{A67ECE50-4239-4707-87A6-1DCAB4DC6C21}.Release|Any CPU.ActiveCfg = Release|Any CPU
		{A67ECE50-4239-4707-87A6-1DCAB4DC6C21}.Release|Any CPU.Build.0 = Release|Any CPU
		{DEF77818-173E-40F3-88E3-448075610532}.Debug|Any CPU.ActiveCfg = Debug|Any CPU
		{DEF77818-173E-40F3-88E3-448075610532}.Debug|Any CPU.Build.0 = Debug|Any CPU
		{DEF77818-173E-40F3-88E3-448075610532}.Release|Any CPU.ActiveCfg = Release|Any CPU
		{DEF77818-173E-40F3-88E3-448075610532}.Release|Any CPU.Build.0 = Release|Any CPU
		{19EC7F51-75A5-468A-97CF-C895CE4C4C7A}.Debug|Any CPU.ActiveCfg = Debug|Any CPU
		{19EC7F51-75A5-468A-97CF-C895CE4C4C7A}.Debug|Any CPU.Build.0 = Debug|Any CPU
		{19EC7F51-75A5-468A-97CF-C895CE4C4C7A}.Release|Any CPU.ActiveCfg = Release|Any CPU
		{19EC7F51-75A5-468A-97CF-C895CE4C4C7A}.Release|Any CPU.Build.0 = Release|Any CPU
		{C366E99A-0E04-4F59-9B39-4C40963768D5}.Debug|Any CPU.ActiveCfg = Debug|Any CPU
		{C366E99A-0E04-4F59-9B39-4C40963768D5}.Debug|Any CPU.Build.0 = Debug|Any CPU
		{C366E99A-0E04-4F59-9B39-4C40963768D5}.Release|Any CPU.ActiveCfg = Release|Any CPU
		{C366E99A-0E04-4F59-9B39-4C40963768D5}.Release|Any CPU.Build.0 = Release|Any CPU
		{5FEE36CF-BBA7-402A-B281-0CEA71145811}.Debug|Any CPU.ActiveCfg = Debug|Any CPU
		{5FEE36CF-BBA7-402A-B281-0CEA71145811}.Debug|Any CPU.Build.0 = Debug|Any CPU
		{5FEE36CF-BBA7-402A-B281-0CEA71145811}.Release|Any CPU.ActiveCfg = Release|Any CPU
		{5FEE36CF-BBA7-402A-B281-0CEA71145811}.Release|Any CPU.Build.0 = Release|Any CPU
		{6F963491-0276-40DA-B9EE-2B8A331F596B}.Debug|Any CPU.ActiveCfg = Debug|Any CPU
		{6F963491-0276-40DA-B9EE-2B8A331F596B}.Debug|Any CPU.Build.0 = Debug|Any CPU
		{6F963491-0276-40DA-B9EE-2B8A331F596B}.Release|Any CPU.ActiveCfg = Release|Any CPU
		{6F963491-0276-40DA-B9EE-2B8A331F596B}.Release|Any CPU.Build.0 = Release|Any CPU
	EndGlobalSection
	GlobalSection(SolutionProperties) = preSolution
		HideSolutionNode = FALSE
	EndGlobalSection
	GlobalSection(NestedProjects) = preSolution
		{C366E99A-0E04-4F59-9B39-4C40963768D5} = {561FB640-5F5D-4B4D-B358-837DBB1B1308}
		{6F963491-0276-40DA-B9EE-2B8A331F596B} = {561FB640-5F5D-4B4D-B358-837DBB1B1308}
	EndGlobalSection
	GlobalSection(ExtensibilityGlobals) = postSolution
		SolutionGuid = {8CAB5E7A-B08D-482D-808F-247D979D798B}
	EndGlobalSection
EndGlobal
